// !$*UTF8*$!
{
	archiveVersion = 1;
	classes = {
	};
	objectVersion = 46;
	objects = {

/* Begin PBXBuildFile section */
		607CD84B1BF0D057007CD9D3 /* AppDelegate.swift in Sources */ = {isa = PBXBuildFile; fileRef = 607CD84A1BF0D057007CD9D3 /* AppDelegate.swift */; };
		607CD84D1BF0D057007CD9D3 /* ViewController.swift in Sources */ = {isa = PBXBuildFile; fileRef = 607CD84C1BF0D057007CD9D3 /* ViewController.swift */; };
		607CD8501BF0D057007CD9D3 /* Main.storyboard in Resources */ = {isa = PBXBuildFile; fileRef = 607CD84E1BF0D057007CD9D3 /* Main.storyboard */; };
		607CD8521BF0D057007CD9D3 /* Assets.xcassets in Resources */ = {isa = PBXBuildFile; fileRef = 607CD8511BF0D057007CD9D3 /* Assets.xcassets */; };
		607CD8551BF0D057007CD9D3 /* LaunchScreen.storyboard in Resources */ = {isa = PBXBuildFile; fileRef = 607CD8531BF0D057007CD9D3 /* LaunchScreen.storyboard */; };
		607CD8601BF0D057007CD9D3 /* UNIMovieTests.swift in Sources */ = {isa = PBXBuildFile; fileRef = 607CD85F1BF0D057007CD9D3 /* UNIMovieTests.swift */; };
		607CD86B1BF0D057007CD9D3 /* UNIMovieUITests.swift in Sources */ = {isa = PBXBuildFile; fileRef = 607CD86A1BF0D057007CD9D3 /* UNIMovieUITests.swift */; };
/* End PBXBuildFile section */

/* Begin PBXContainerItemProxy section */
		607CD85C1BF0D057007CD9D3 /* PBXContainerItemProxy */ = {
			isa = PBXContainerItemProxy;
			containerPortal = 607CD83F1BF0D057007CD9D3 /* Project object */;
			proxyType = 1;
			remoteGlobalIDString = 607CD8461BF0D057007CD9D3;
			remoteInfo = UNIMovie;
		};
		607CD8671BF0D057007CD9D3 /* PBXContainerItemProxy */ = {
			isa = PBXContainerItemProxy;
			containerPortal = 607CD83F1BF0D057007CD9D3 /* Project object */;
			proxyType = 1;
			remoteGlobalIDString = 607CD8461BF0D057007CD9D3;
			remoteInfo = UNIMovie;
		};
/* End PBXContainerItemProxy section */

/* Begin PBXFileReference section */
		607CD8471BF0D057007CD9D3 /* UNIMovie.app */ = {isa = PBXFileReference; explicitFileType = wrapper.application; includeInIndex = 0; path = UNIMovie.app; sourceTree = BUILT_PRODUCTS_DIR; };
		607CD84A1BF0D057007CD9D3 /* AppDelegate.swift */ = {isa = PBXFileReference; lastKnownFileType = sourcecode.swift; path = AppDelegate.swift; sourceTree = "<group>"; };
		607CD84C1BF0D057007CD9D3 /* ViewController.swift */ = {isa = PBXFileReference; lastKnownFileType = sourcecode.swift; path = ViewController.swift; sourceTree = "<group>"; };
		607CD84F1BF0D057007CD9D3 /* Base */ = {isa = PBXFileReference; lastKnownFileType = file.storyboard; name = Base; path = Base.lproj/Main.storyboard; sourceTree = "<group>"; };
		607CD8511BF0D057007CD9D3 /* Assets.xcassets */ = {isa = PBXFileReference; lastKnownFileType = folder.assetcatalog; path = Assets.xcassets; sourceTree = "<group>"; };
		607CD8541BF0D057007CD9D3 /* Base */ = {isa = PBXFileReference; lastKnownFileType = file.storyboard; name = Base; path = Base.lproj/LaunchScreen.storyboard; sourceTree = "<group>"; };
		607CD8561BF0D057007CD9D3 /* Info.plist */ = {isa = PBXFileReference; lastKnownFileType = text.plist.xml; path = Info.plist; sourceTree = "<group>"; };
		607CD85B1BF0D057007CD9D3 /* UNIMovieTests.xctest */ = {isa = PBXFileReference; explicitFileType = wrapper.cfbundle; includeInIndex = 0; path = UNIMovieTests.xctest; sourceTree = BUILT_PRODUCTS_DIR; };
		607CD85F1BF0D057007CD9D3 /* UNIMovieTests.swift */ = {isa = PBXFileReference; lastKnownFileType = sourcecode.swift; path = UNIMovieTests.swift; sourceTree = "<group>"; };
		607CD8611BF0D057007CD9D3 /* Info.plist */ = {isa = PBXFileReference; lastKnownFileType = text.plist.xml; path = Info.plist; sourceTree = "<group>"; };
		607CD8661BF0D057007CD9D3 /* UNIMovieUITests.xctest */ = {isa = PBXFileReference; explicitFileType = wrapper.cfbundle; includeInIndex = 0; path = UNIMovieUITests.xctest; sourceTree = BUILT_PRODUCTS_DIR; };
		607CD86A1BF0D057007CD9D3 /* UNIMovieUITests.swift */ = {isa = PBXFileReference; lastKnownFileType = sourcecode.swift; path = UNIMovieUITests.swift; sourceTree = "<group>"; };
		607CD86C1BF0D057007CD9D3 /* Info.plist */ = {isa = PBXFileReference; lastKnownFileType = text.plist.xml; path = Info.plist; sourceTree = "<group>"; };
/* End PBXFileReference section */

/* Begin PBXFrameworksBuildPhase section */
		607CD8441BF0D057007CD9D3 /* Frameworks */ = {
			isa = PBXFrameworksBuildPhase;
			buildActionMask = 2147483647;
			files = (
			);
			runOnlyForDeploymentPostprocessing = 0;
		};
		607CD8581BF0D057007CD9D3 /* Frameworks */ = {
			isa = PBXFrameworksBuildPhase;
			buildActionMask = 2147483647;
			files = (
			);
			runOnlyForDeploymentPostprocessing = 0;
		};
		607CD8631BF0D057007CD9D3 /* Frameworks */ = {
			isa = PBXFrameworksBuildPhase;
			buildActionMask = 2147483647;
			files = (
			);
			runOnlyForDeploymentPostprocessing = 0;
		};
/* End PBXFrameworksBuildPhase section */

/* Begin PBXGroup section */
		607CD83E1BF0D057007CD9D3 = {
			isa = PBXGroup;
			children = (
				607CD8491BF0D057007CD9D3 /* UNIMovie */,
				607CD85E1BF0D057007CD9D3 /* UNIMovieTests */,
				607CD8691BF0D057007CD9D3 /* UNIMovieUITests */,
				607CD8481BF0D057007CD9D3 /* Products */,
			);
			sourceTree = "<group>";
		};
		607CD8481BF0D057007CD9D3 /* Products */ = {
			isa = PBXGroup;
			children = (
				607CD8471BF0D057007CD9D3 /* UNIMovie.app */,
				607CD85B1BF0D057007CD9D3 /* UNIMovieTests.xctest */,
				607CD8661BF0D057007CD9D3 /* UNIMovieUITests.xctest */,
			);
			name = Products;
			sourceTree = "<group>";
		};
		607CD8491BF0D057007CD9D3 /* UNIMovie */ = {
			isa = PBXGroup;
			children = (
				607CD84A1BF0D057007CD9D3 /* AppDelegate.swift */,
				607CD84C1BF0D057007CD9D3 /* ViewController.swift */,
				607CD84E1BF0D057007CD9D3 /* Main.storyboard */,
				607CD8511BF0D057007CD9D3 /* Assets.xcassets */,
				607CD8531BF0D057007CD9D3 /* LaunchScreen.storyboard */,
				607CD8561BF0D057007CD9D3 /* Info.plist */,
			);
			path = UNIMovie;
			sourceTree = "<group>";
		};
		607CD85E1BF0D057007CD9D3 /* UNIMovieTests */ = {
			isa = PBXGroup;
			children = (
				607CD85F1BF0D057007CD9D3 /* UNIMovieTests.swift */,
				607CD8611BF0D057007CD9D3 /* Info.plist */,
			);
			path = UNIMovieTests;
			sourceTree = "<group>";
		};
		607CD8691BF0D057007CD9D3 /* UNIMovieUITests */ = {
			isa = PBXGroup;
			children = (
				607CD86A1BF0D057007CD9D3 /* UNIMovieUITests.swift */,
				607CD86C1BF0D057007CD9D3 /* Info.plist */,
			);
			path = UNIMovieUITests;
			sourceTree = "<group>";
		};
/* End PBXGroup section */

/* Begin PBXNativeTarget section */
		607CD8461BF0D057007CD9D3 /* UNIMovie */ = {
			isa = PBXNativeTarget;
			buildConfigurationList = 607CD86F1BF0D057007CD9D3 /* Build configuration list for PBXNativeTarget "UNIMovie" */;
			buildPhases = (
				607CD8431BF0D057007CD9D3 /* Sources */,
				607CD8441BF0D057007CD9D3 /* Frameworks */,
				607CD8451BF0D057007CD9D3 /* Resources */,
			);
			buildRules = (
			);
			dependencies = (
			);
			name = UNIMovie;
			productName = UNIMovie;
			productReference = 607CD8471BF0D057007CD9D3 /* UNIMovie.app */;
			productType = "com.apple.product-type.application";
		};
		607CD85A1BF0D057007CD9D3 /* UNIMovieTests */ = {
			isa = PBXNativeTarget;
			buildConfigurationList = 607CD8721BF0D057007CD9D3 /* Build configuration list for PBXNativeTarget "UNIMovieTests" */;
			buildPhases = (
				607CD8571BF0D057007CD9D3 /* Sources */,
				607CD8581BF0D057007CD9D3 /* Frameworks */,
				607CD8591BF0D057007CD9D3 /* Resources */,
			);
			buildRules = (
			);
			dependencies = (
				607CD85D1BF0D057007CD9D3 /* PBXTargetDependency */,
			);
			name = UNIMovieTests;
			productName = UNIMovieTests;
			productReference = 607CD85B1BF0D057007CD9D3 /* UNIMovieTests.xctest */;
			productType = "com.apple.product-type.bundle.unit-test";
		};
		607CD8651BF0D057007CD9D3 /* UNIMovieUITests */ = {
			isa = PBXNativeTarget;
			buildConfigurationList = 607CD8751BF0D057007CD9D3 /* Build configuration list for PBXNativeTarget "UNIMovieUITests" */;
			buildPhases = (
				607CD8621BF0D057007CD9D3 /* Sources */,
				607CD8631BF0D057007CD9D3 /* Frameworks */,
				607CD8641BF0D057007CD9D3 /* Resources */,
			);
			buildRules = (
			);
			dependencies = (
				607CD8681BF0D057007CD9D3 /* PBXTargetDependency */,
			);
			name = UNIMovieUITests;
			productName = UNIMovieUITests;
			productReference = 607CD8661BF0D057007CD9D3 /* UNIMovieUITests.xctest */;
			productType = "com.apple.product-type.bundle.ui-testing";
		};
/* End PBXNativeTarget section */

/* Begin PBXProject section */
		607CD83F1BF0D057007CD9D3 /* Project object */ = {
			isa = PBXProject;
			attributes = {
				LastSwiftUpdateCheck = 0710;
				LastUpgradeCheck = 0710;
				ORGANIZATIONNAME = "Ada Ji";
				TargetAttributes = {
					607CD8461BF0D057007CD9D3 = {
						CreatedOnToolsVersion = 7.1;
					};
					607CD85A1BF0D057007CD9D3 = {
						CreatedOnToolsVersion = 7.1;
						TestTargetID = 607CD8461BF0D057007CD9D3;
					};
					607CD8651BF0D057007CD9D3 = {
						CreatedOnToolsVersion = 7.1;
						TestTargetID = 607CD8461BF0D057007CD9D3;
					};
				};
			};
			buildConfigurationList = 607CD8421BF0D057007CD9D3 /* Build configuration list for PBXProject "UNIMovie" */;
			compatibilityVersion = "Xcode 3.2";
			developmentRegion = English;
			hasScannedForEncodings = 0;
			knownRegions = (
				en,
				Base,
			);
			mainGroup = 607CD83E1BF0D057007CD9D3;
			productRefGroup = 607CD8481BF0D057007CD9D3 /* Products */;
			projectDirPath = "";
			projectRoot = "";
			targets = (
				607CD8461BF0D057007CD9D3 /* UNIMovie */,
				607CD85A1BF0D057007CD9D3 /* UNIMovieTests */,
				607CD8651BF0D057007CD9D3 /* UNIMovieUITests */,
			);
		};
/* End PBXProject section */

/* Begin PBXResourcesBuildPhase section */
		607CD8451BF0D057007CD9D3 /* Resources */ = {
			isa = PBXResourcesBuildPhase;
			buildActionMask = 2147483647;
			files = (
				607CD8551BF0D057007CD9D3 /* LaunchScreen.storyboard in Resources */,
				607CD8521BF0D057007CD9D3 /* Assets.xcassets in Resources */,
				607CD8501BF0D057007CD9D3 /* Main.storyboard in Resources */,
			);
			runOnlyForDeploymentPostprocessing = 0;
		};
		607CD8591BF0D057007CD9D3 /* Resources */ = {
			isa = PBXResourcesBuildPhase;
			buildActionMask = 2147483647;
			files = (
			);
			runOnlyForDeploymentPostprocessing = 0;
		};
		607CD8641BF0D057007CD9D3 /* Resources */ = {
			isa = PBXResourcesBuildPhase;
			buildActionMask = 2147483647;
			files = (
			);
			runOnlyForDeploymentPostprocessing = 0;
		};
/* End PBXResourcesBuildPhase section */

/* Begin PBXSourcesBuildPhase section */
		607CD8431BF0D057007CD9D3 /* Sources */ = {
			isa = PBXSourcesBuildPhase;
			buildActionMask = 2147483647;
			files = (
				607CD84D1BF0D057007CD9D3 /* ViewController.swift in Sources */,
				607CD84B1BF0D057007CD9D3 /* AppDelegate.swift in Sources */,
			);
			runOnlyForDeploymentPostprocessing = 0;
		};
		607CD8571BF0D057007CD9D3 /* Sources */ = {
			isa = PBXSourcesBuildPhase;
			buildActionMask = 2147483647;
			files = (
				607CD8601BF0D057007CD9D3 /* UNIMovieTests.swift in Sources */,
			);
			runOnlyForDeploymentPostprocessing = 0;
		};
		607CD8621BF0D057007CD9D3 /* Sources */ = {
			isa = PBXSourcesBuildPhase;
			buildActionMask = 2147483647;
			files = (
				607CD86B1BF0D057007CD9D3 /* UNIMovieUITests.swift in Sources */,
			);
			runOnlyForDeploymentPostprocessing = 0;
		};
/* End PBXSourcesBuildPhase section */

/* Begin PBXTargetDependency section */
		607CD85D1BF0D057007CD9D3 /* PBXTargetDependency */ = {
			isa = PBXTargetDependency;
			target = 607CD8461BF0D057007CD9D3 /* UNIMovie */;
			targetProxy = 607CD85C1BF0D057007CD9D3 /* PBXContainerItemProxy */;
		};
		607CD8681BF0D057007CD9D3 /* PBXTargetDependency */ = {
			isa = PBXTargetDependency;
			target = 607CD8461BF0D057007CD9D3 /* UNIMovie */;
			targetProxy = 607CD8671BF0D057007CD9D3 /* PBXContainerItemProxy */;
		};
/* End PBXTargetDependency section */

/* Begin PBXVariantGroup section */
		607CD84E1BF0D057007CD9D3 /* Main.storyboard */ = {
			isa = PBXVariantGroup;
			children = (
				607CD84F1BF0D057007CD9D3 /* Base */,
			);
			name = Main.storyboard;
			sourceTree = "<group>";
		};
		607CD8531BF0D057007CD9D3 /* LaunchScreen.storyboard */ = {
			isa = PBXVariantGroup;
			children = (
				607CD8541BF0D057007CD9D3 /* Base */,
			);
			name = LaunchScreen.storyboard;
			sourceTree = "<group>";
		};
/* End PBXVariantGroup section */

/* Begin XCBuildConfiguration section */
		607CD86D1BF0D057007CD9D3 /* Debug */ = {
			isa = XCBuildConfiguration;
			buildSettings = {
				ALWAYS_SEARCH_USER_PATHS = NO;
				CLANG_CXX_LANGUAGE_STANDARD = "gnu++0x";
				CLANG_CXX_LIBRARY = "libc++";
				CLANG_ENABLE_MODULES = YES;
				CLANG_ENABLE_OBJC_ARC = YES;
				CLANG_WARN_BOOL_CONVERSION = YES;
				CLANG_WARN_CONSTANT_CONVERSION = YES;
				CLANG_WARN_DIRECT_OBJC_ISA_USAGE = YES_ERROR;
				CLANG_WARN_EMPTY_BODY = YES;
				CLANG_WARN_ENUM_CONVERSION = YES;
				CLANG_WARN_INT_CONVERSION = YES;
				CLANG_WARN_OBJC_ROOT_CLASS = YES_ERROR;
				CLANG_WARN_UNREACHABLE_CODE = YES;
				CLANG_WARN__DUPLICATE_METHOD_MATCH = YES;
				"CODE_SIGN_IDENTITY[sdk=iphoneos*]" = "iPhone Developer";
				COPY_PHASE_STRIP = NO;
				DEBUG_INFORMATION_FORMAT = dwarf;
				ENABLE_STRICT_OBJC_MSGSEND = YES;
				ENABLE_TESTABILITY = YES;
				GCC_C_LANGUAGE_STANDARD = gnu99;
				GCC_DYNAMIC_NO_PIC = NO;
				GCC_NO_COMMON_BLOCKS = YES;
				GCC_OPTIMIZATION_LEVEL = 0;
				GCC_PREPROCESSOR_DEFINITIONS = (
					"DEBUG=1",
					"$(inherited)",
				);
				GCC_WARN_64_TO_32_BIT_CONVERSION = YES;
				GCC_WARN_ABOUT_RETURN_TYPE = YES_ERROR;
				GCC_WARN_UNDECLARED_SELECTOR = YES;
				GCC_WARN_UNINITIALIZED_AUTOS = YES_AGGRESSIVE;
				GCC_WARN_UNUSED_FUNCTION = YES;
				GCC_WARN_UNUSED_VARIABLE = YES;
				IPHONEOS_DEPLOYMENT_TARGET = 9.1;
				MTL_ENABLE_DEBUG_INFO = YES;
				ONLY_ACTIVE_ARCH = YES;
				SDKROOT = iphoneos;
				SWIFT_OPTIMIZATION_LEVEL = "-Onone";
				TARGETED_DEVICE_FAMILY = "1,2";
			};
			name = Debug;
		};
		607CD86E1BF0D057007CD9D3 /* Release */ = {
			isa = XCBuildConfiguration;
			buildSettings = {
				ALWAYS_SEARCH_USER_PATHS = NO;
				CLANG_CXX_LANGUAGE_STANDARD = "gnu++0x";
				CLANG_CXX_LIBRARY = "libc++";
				CLANG_ENABLE_MODULES = YES;
				CLANG_ENABLE_OBJC_ARC = YES;
				CLANG_WARN_BOOL_CONVERSION = YES;
				CLANG_WARN_CONSTANT_CONVERSION = YES;
				CLANG_WARN_DIRECT_OBJC_ISA_USAGE = YES_ERROR;
				CLANG_WARN_EMPTY_BODY = YES;
				CLANG_WARN_ENUM_CONVERSION = YES;
				CLANG_WARN_INT_CONVERSION = YES;
				CLANG_WARN_OBJC_ROOT_CLASS = YES_ERROR;
				CLANG_WARN_UNREACHABLE_CODE = YES;
				CLANG_WARN__DUPLICATE_METHOD_MATCH = YES;
				"CODE_SIGN_IDENTITY[sdk=iphoneos*]" = "iPhone Developer";
				COPY_PHASE_STRIP = NO;
				DEBUG_INFORMATION_FORMAT = "dwarf-with-dsym";
				ENABLE_NS_ASSERTIONS = NO;
				ENABLE_STRICT_OBJC_MSGSEND = YES;
				GCC_C_LANGUAGE_STANDARD = gnu99;
				GCC_NO_COMMON_BLOCKS = YES;
				GCC_WARN_64_TO_32_BIT_CONVERSION = YES;
				GCC_WARN_ABOUT_RETURN_TYPE = YES_ERROR;
				GCC_WARN_UNDECLARED_SELECTOR = YES;
				GCC_WARN_UNINITIALIZED_AUTOS = YES_AGGRESSIVE;
				GCC_WARN_UNUSED_FUNCTION = YES;
				GCC_WARN_UNUSED_VARIABLE = YES;
				IPHONEOS_DEPLOYMENT_TARGET = 9.1;
				MTL_ENABLE_DEBUG_INFO = NO;
				SDKROOT = iphoneos;
				TARGETED_DEVICE_FAMILY = "1,2";
				VALIDATE_PRODUCT = YES;
			};
			name = Release;
		};
		607CD8701BF0D057007CD9D3 /* Debug */ = {
			isa = XCBuildConfiguration;
			buildSettings = {
				ASSETCATALOG_COMPILER_APPICON_NAME = AppIcon;
				INFOPLIST_FILE = UNIMovie/Info.plist;
				LD_RUNPATH_SEARCH_PATHS = "$(inherited) @executable_path/Frameworks";
				PRODUCT_BUNDLE_IDENTIFIER = com.adaji.UNIMovie;
				PRODUCT_NAME = "$(TARGET_NAME)";
			};
			name = Debug;
		};
		607CD8711BF0D057007CD9D3 /* Release */ = {
			isa = XCBuildConfiguration;
			buildSettings = {
				ASSETCATALOG_COMPILER_APPICON_NAME = AppIcon;
				INFOPLIST_FILE = UNIMovie/Info.plist;
				LD_RUNPATH_SEARCH_PATHS = "$(inherited) @executable_path/Frameworks";
				PRODUCT_BUNDLE_IDENTIFIER = com.adaji.UNIMovie;
				PRODUCT_NAME = "$(TARGET_NAME)";
			};
			name = Release;
		};
		607CD8731BF0D057007CD9D3 /* Debug */ = {
			isa = XCBuildConfiguration;
			buildSettings = {
				BUNDLE_LOADER = "$(TEST_HOST)";
				INFOPLIST_FILE = UNIMovieTests/Info.plist;
				LD_RUNPATH_SEARCH_PATHS = "$(inherited) @executable_path/Frameworks @loader_path/Frameworks";
				PRODUCT_BUNDLE_IDENTIFIER = com.adaji.UNIMovieTests;
				PRODUCT_NAME = "$(TARGET_NAME)";
				TEST_HOST = "$(BUILT_PRODUCTS_DIR)/UNIMovie.app/UNIMovie";
			};
			name = Debug;
		};
		607CD8741BF0D057007CD9D3 /* Release */ = {
			isa = XCBuildConfiguration;
			buildSettings = {
				BUNDLE_LOADER = "$(TEST_HOST)";
				INFOPLIST_FILE = UNIMovieTests/Info.plist;
				LD_RUNPATH_SEARCH_PATHS = "$(inherited) @executable_path/Frameworks @loader_path/Frameworks";
				PRODUCT_BUNDLE_IDENTIFIER = com.adaji.UNIMovieTests;
				PRODUCT_NAME = "$(TARGET_NAME)";
				TEST_HOST = "$(BUILT_PRODUCTS_DIR)/UNIMovie.app/UNIMovie";
			};
			name = Release;
		};
		607CD8761BF0D057007CD9D3 /* Debug */ = {
			isa = XCBuildConfiguration;
			buildSettings = {
				INFOPLIST_FILE = UNIMovieUITests/Info.plist;
				LD_RUNPATH_SEARCH_PATHS = "$(inherited) @executable_path/Frameworks @loader_path/Frameworks";
				PRODUCT_BUNDLE_IDENTIFIER = com.adaji.UNIMovieUITests;
				PRODUCT_NAME = "$(TARGET_NAME)";
				TEST_TARGET_NAME = UNIMovie;
				USES_XCTRUNNER = YES;
			};
			name = Debug;
		};
		607CD8771BF0D057007CD9D3 /* Release */ = {
			isa = XCBuildConfiguration;
			buildSettings = {
				INFOPLIST_FILE = UNIMovieUITests/Info.plist;
				LD_RUNPATH_SEARCH_PATHS = "$(inherited) @executable_path/Frameworks @loader_path/Frameworks";
				PRODUCT_BUNDLE_IDENTIFIER = com.adaji.UNIMovieUITests;
				PRODUCT_NAME = "$(TARGET_NAME)";
				TEST_TARGET_NAME = UNIMovie;
				USES_XCTRUNNER = YES;
			};
			name = Release;
		};
/* End XCBuildConfiguration section */

/* Begin XCConfigurationList section */
		607CD8421BF0D057007CD9D3 /* Build configuration list for PBXProject "UNIMovie" */ = {
			isa = XCConfigurationList;
			buildConfigurations = (
				607CD86D1BF0D057007CD9D3 /* Debug */,
				607CD86E1BF0D057007CD9D3 /* Release */,
			);
			defaultConfigurationIsVisible = 0;
			defaultConfigurationName = Release;
		};
		607CD86F1BF0D057007CD9D3 /* Build configuration list for PBXNativeTarget "UNIMovie" */ = {
			isa = XCConfigurationList;
			buildConfigurations = (
				607CD8701BF0D057007CD9D3 /* Debug */,
				607CD8711BF0D057007CD9D3 /* Release */,
			);
			defaultConfigurationIsVisible = 0;
		};
		607CD8721BF0D057007CD9D3 /* Build configuration list for PBXNativeTarget "UNIMovieTests" */ = {
			isa = XCConfigurationList;
			buildConfigurations = (
				607CD8731BF0D057007CD9D3 /* Debug */,
				607CD8741BF0D057007CD9D3 /* Release */,
			);
			defaultConfigurationIsVisible = 0;
		};
		607CD8751BF0D057007CD9D3 /* Build configuration list for PBXNativeTarget "UNIMovieUITests" */ = {
			isa = XCConfigurationList;
			buildConfigurations = (
				607CD8761BF0D057007CD9D3 /* Debug */,
				607CD8771BF0D057007CD9D3 /* Release */,
			);
			defaultConfigurationIsVisible = 0;
		};
/* End XCConfigurationList section */
	};
	rootObject = 607CD83F1BF0D057007CD9D3 /* Project object */;
}
